
Microsoft Visual Studio Solution File, Format Version 12.00
# Visual Studio 15
VisualStudioVersion = 15.0.26730.3
MinimumVisualStudioVersion = 10.0.40219.1
Project("{FAE04EC0-301F-11D3-BF4B-00C04F79EFBC}") = "BootstrapIntroduction", "BootstrapIntroduction\BootstrapIntroduction.csproj", "{E89F3746-B454-4714-9956-28C814E03309}"
EndProject
Global
	GlobalSection(SolutionConfigurationPlatforms) = preSolution
		Debug|Any CPU = Debug|Any CPU
		Release|Any CPU = Release|Any CPU
	EndGlobalSection
	GlobalSection(ProjectConfigurationPlatforms) = postSolution
		{E89F3746-B454-4714-9956-28C814E03309}.Debug|Any CPU.ActiveCfg = Debug|Any CPU
		{E89F3746-B454-4714-9956-28C814E03309}.Debug|Any CPU.Build.0 = Debug|Any CPU
		{E89F3746-B454-4714-9956-28C814E03309}.Release|Any CPU.ActiveCfg = Release|Any CPU
		{E89F3746-B454-4714-9956-28C814E03309}.Release|Any CPU.Build.0 = Release|Any CPU
	EndGlobalSection
	GlobalSection(SolutionProperties) = preSolution
		HideSolutionNode = FALSE
	EndGlobalSection
	GlobalSection(ExtensibilityGlobals) = postSolution
		SolutionGuid = {B7C50F64-3059-4CF9-B354-CC488CE3CB33}
	EndGlobalSection
EndGlobal
